
Microsoft Visual Studio Solution File, Format Version 12.00
# Visual Studio 2012
Project("{FAE04EC0-301F-11D3-BF4B-00C04F79EFBC}") = "MurmurHash3", "MurmurHash3\MurmurHash3.csproj", "{F411C381-2BBC-4352-906A-72DFB6EAF943}"
EndProject
Global
	GlobalSection(SolutionConfigurationPlatforms) = preSolution
		Debug|Any CPU = Debug|Any CPU
		Release|Any CPU = Release|Any CPU
	EndGlobalSection
	GlobalSection(ProjectConfigurationPlatforms) = postSolution
		{F411C381-2BBC-4352-906A-72DFB6EAF943}.Debug|Any CPU.ActiveCfg = Debug|Any CPU
		{F411C381-2BBC-4352-906A-72DFB6EAF943}.Debug|Any CPU.Build.0 = Debug|Any CPU
		{F411C381-2BBC-4352-906A-72DFB6EAF943}.Release|Any CPU.ActiveCfg = Release|Any CPU
		{F411C381-2BBC-4352-906A-72DFB6EAF943}.Release|Any CPU.Build.0 = Release|Any CPU
	EndGlobalSection
	GlobalSection(SolutionProperties) = preSolution
		HideSolutionNode = FALSE
	EndGlobalSection
EndGlobal
